
Microsoft Visual Studio Solution File, Format Version 12.00
# Visual Studio Version 17
VisualStudioVersion = 17.4.33103.184
MinimumVisualStudioVersion = 10.0.40219.1
Project("{9A19103F-16F7-4668-BE54-9A1E7A4F7556}") = "BlazorWebApp", "BlazorWebApp\BlazorWebApp.csproj", "{07DB130B-37FE-4873-8E0E-CCB0806EB827}"
EndProject
Project("{9A19103F-16F7-4668-BE54-9A1E7A4F7556}") = "BlazorTestProject1", "BlazorTestProject1\BlazorTestProject1.csproj", "{6D049B9B-DCBA-4A54-AFFD-5251FDB2463D}"
EndProject
Global
	GlobalSection(SolutionConfigurationPlatforms) = preSolution
		Debug|Any CPU = Debug|Any CPU
		Release|Any CPU = Release|Any CPU
	EndGlobalSection
	GlobalSection(ProjectConfigurationPlatforms) = postSolution
		{07DB130B-37FE-4873-8E0E-CCB0806EB827}.Debug|Any CPU.ActiveCfg = Debug|Any CPU
		{07DB130B-37FE-4873-8E0E-CCB0806EB827}.Debug|Any CPU.Build.0 = Debug|Any CPU
		{07DB130B-37FE-4873-8E0E-CCB0806EB827}.Release|Any CPU.ActiveCfg = Release|Any CPU
		{07DB130B-37FE-4873-8E0E-CCB0806EB827}.Release|Any CPU.Build.0 = Release|Any CPU
		{6D049B9B-DCBA-4A54-AFFD-5251FDB2463D}.Debug|Any CPU.ActiveCfg = Debug|Any CPU
		{6D049B9B-DCBA-4A54-AFFD-5251FDB2463D}.Debug|Any CPU.Build.0 = Debug|Any CPU
		{6D049B9B-DCBA-4A54-AFFD-5251FDB2463D}.Release|Any CPU.ActiveCfg = Release|Any CPU
		{6D049B9B-DCBA-4A54-AFFD-5251FDB2463D}.Release|Any CPU.Build.0 = Release|Any CPU
	EndGlobalSection
	GlobalSection(SolutionProperties) = preSolution
		HideSolutionNode = FALSE
	EndGlobalSection
	GlobalSection(ExtensibilityGlobals) = postSolution
		SolutionGuid = {66B5FBA7-EC7D-4130-AD40-7C089898FA64}
	EndGlobalSection
EndGlobal
